
Microsoft Visual Studio Solution File, Format Version 12.00
# Visual Studio Version 16
VisualStudioVersion = 16.0.31424.327
MinimumVisualStudioVersion = 10.0.40219.1
Project("{FAE04EC0-301F-11D3-BF4B-00C04F79EFBC}") = "APIInventory", "APIInventory\APIInventory.csproj", "{B6AA1183-CD38-4D38-A43B-69B257D65DC6}"
EndProject
Project("{FAE04EC0-301F-11D3-BF4B-00C04F79EFBC}") = "Inventory.UWP", "Inventory\Inventory.UWP\Inventory.UWP.csproj", "{C93EFC0A-9CDD-40EB-A8F5-C26A62585F6A}"
EndProject
Project("{FAE04EC0-301F-11D3-BF4B-00C04F79EFBC}") = "Inventory.Android", "Inventory\Inventory.Android\Inventory.Android.csproj", "{3971AE13-618D-449F-BA3A-836079A78C10}"
EndProject
Project("{FAE04EC0-301F-11D3-BF4B-00C04F79EFBC}") = "Inventory.iOS", "Inventory\Inventory.iOS\Inventory.iOS.csproj", "{8E44D12B-D8AF-4D57-8391-96C2AB49C0E2}"
EndProject
Project("{9A19103F-16F7-4668-BE54-9A1E7A4F7556}") = "Inventory", "Inventory\Inventory\Inventory.csproj", "{056CABBB-36B8-4954-A1AF-56942531E464}"
EndProject
Global
	GlobalSection(SolutionConfigurationPlatforms) = preSolution
		Debug|Any CPU = Debug|Any CPU
		Debug|ARM = Debug|ARM
		Debug|iPhone = Debug|iPhone
		Debug|iPhoneSimulator = Debug|iPhoneSimulator
		Debug|x64 = Debug|x64
		Debug|x86 = Debug|x86
		Release|Any CPU = Release|Any CPU
		Release|ARM = Release|ARM
		Release|iPhone = Release|iPhone
		Release|iPhoneSimulator = Release|iPhoneSimulator
		Release|x64 = Release|x64
		Release|x86 = Release|x86
	EndGlobalSection
	GlobalSection(ProjectConfigurationPlatforms) = postSolution
		{B6AA1183-CD38-4D38-A43B-69B257D65DC6}.Debug|Any CPU.ActiveCfg = Debug|Any CPU
		{B6AA1183-CD38-4D38-A43B-69B257D65DC6}.Debug|Any CPU.Build.0 = Debug|Any CPU
		{B6AA1183-CD38-4D38-A43B-69B257D65DC6}.Debug|ARM.ActiveCfg = Debug|Any CPU
		{B6AA1183-CD38-4D38-A43B-69B257D65DC6}.Debug|ARM.Build.0 = Debug|Any CPU
		{B6AA1183-CD38-4D38-A43B-69B257D65DC6}.Debug|iPhone.ActiveCfg = Debug|Any CPU
		{B6AA1183-CD38-4D38-A43B-69B257D65DC6}.Debug|iPhone.Build.0 = Debug|Any CPU
		{B6AA1183-CD38-4D38-A43B-69B257D65DC6}.Debug|iPhoneSimulator.ActiveCfg = Debug|Any CPU
		{B6AA1183-CD38-4D38-A43B-69B257D65DC6}.Debug|iPhoneSimulator.Build.0 = Debug|Any CPU
		{B6AA1183-CD38-4D38-A43B-69B257D65DC6}.Debug|x64.ActiveCfg = Debug|Any CPU
		{B6AA1183-CD38-4D38-A43B-69B257D65DC6}.Debug|x64.Build.0 = Debug|Any CPU
		{B6AA1183-CD38-4D38-A43B-69B257D65DC6}.Debug|x86.ActiveCfg = Debug|Any CPU
		{B6AA1183-CD38-4D38-A43B-69B257D65DC6}.Debug|x86.Build.0 = Debug|Any CPU
		{B6AA1183-CD38-4D38-A43B-69B257D65DC6}.Release|Any CPU.ActiveCfg = Release|Any CPU
		{B6AA1183-CD38-4D38-A43B-69B257D65DC6}.Release|Any CPU.Build.0 = Release|Any CPU
		{B6AA1183-CD38-4D38-A43B-69B257D65DC6}.Release|ARM.ActiveCfg = Release|Any CPU
		{B6AA1183-CD38-4D38-A43B-69B257D65DC6}.Release|ARM.Build.0 = Release|Any CPU
		{B6AA1183-CD38-4D38-A43B-69B257D65DC6}.Release|iPhone.ActiveCfg = Release|Any CPU
		{B6AA1183-CD38-4D38-A43B-69B257D65DC6}.Release|iPhone.Build.0 = Release|Any CPU
		{B6AA1183-CD38-4D38-A43B-69B257D65DC6}.Release|iPhoneSimulator.ActiveCfg = Release|Any CPU
		{B6AA1183-CD38-4D38-A43B-69B257D65DC6}.Release|iPhoneSimulator.Build.0 = Release|Any CPU
		{B6AA1183-CD38-4D38-A43B-69B257D65DC6}.Release|x64.ActiveCfg = Release|Any CPU
		{B6AA1183-CD38-4D38-A43B-69B257D65DC6}.Release|x64.Build.0 = Release|Any CPU
		{B6AA1183-CD38-4D38-A43B-69B257D65DC6}.Release|x86.ActiveCfg = Release|Any CPU
		{B6AA1183-CD38-4D38-A43B-69B257D65DC6}.Release|x86.Build.0 = Release|Any CPU
		{C93EFC0A-9CDD-40EB-A8F5-C26A62585F6A}.Debug|Any CPU.ActiveCfg = Debug|x86
		{C93EFC0A-9CDD-40EB-A8F5-C26A62585F6A}.Debug|Any CPU.Build.0 = Debug|x86
		{C93EFC0A-9CDD-40EB-A8F5-C26A62585F6A}.Debug|Any CPU.Deploy.0 = Debug|x86
		{C93EFC0A-9CDD-40EB-A8F5-C26A62585F6A}.Debug|ARM.ActiveCfg = Debug|ARM
		{C93EFC0A-9CDD-40EB-A8F5-C26A62585F6A}.Debug|ARM.Build.0 = Debug|ARM
		{C93EFC0A-9CDD-40EB-A8F5-C26A62585F6A}.Debug|ARM.Deploy.0 = Debug|ARM
		{C93EFC0A-9CDD-40EB-A8F5-C26A62585F6A}.Debug|iPhone.ActiveCfg = Debug|x86
		{C93EFC0A-9CDD-40EB-A8F5-C26A62585F6A}.Debug|iPhoneSimulator.ActiveCfg = Debug|x86
		{C93EFC0A-9CDD-40EB-A8F5-C26A62585F6A}.Debug|x64.ActiveCfg = Debug|x64
		{C93EFC0A-9CDD-40EB-A8F5-C26A62585F6A}.Debug|x64.Build.0 = Debug|x64
		{C93EFC0A-9CDD-40EB-A8F5-C26A62585F6A}.Debug|x64.Deploy.0 = Debug|x64
		{C93EFC0A-9CDD-40EB-A8F5-C26A62585F6A}.Debug|x86.ActiveCfg = Debug|x86
		{C93EFC0A-9CDD-40EB-A8F5-C26A62585F6A}.Debug|x86.Build.0 = Debug|x86
		{C93EFC0A-9CDD-40EB-A8F5-C26A62585F6A}.Debug|x86.Deploy.0 = Debug|x86
		{C93EFC0A-9CDD-40EB-A8F5-C26A62585F6A}.Release|Any CPU.ActiveCfg = Release|x86
		{C93EFC0A-9CDD-40EB-A8F5-C26A62585F6A}.Release|ARM.ActiveCfg = Release|ARM
		{C93EFC0A-9CDD-40EB-A8F5-C26A62585F6A}.Release|ARM.Build.0 = Release|ARM
		{C93EFC0A-9CDD-40EB-A8F5-C26A62585F6A}.Release|ARM.Deploy.0 = Release|ARM
		{C93EFC0A-9CDD-40EB-A8F5-C26A62585F6A}.Release|iPhone.ActiveCfg = Release|x86
		{C93EFC0A-9CDD-40EB-A8F5-C26A62585F6A}.Release|iPhoneSimulator.ActiveCfg = Release|x86
		{C93EFC0A-9CDD-40EB-A8F5-C26A62585F6A}.Release|x64.ActiveCfg = Release|x64
		{C93EFC0A-9CDD-40EB-A8F5-C26A62585F6A}.Release|x64.Build.0 = Release|x64
		{C93EFC0A-9CDD-40EB-A8F5-C26A62585F6A}.Release|x64.Deploy.0 = Release|x64
		{C93EFC0A-9CDD-40EB-A8F5-C26A62585F6A}.Release|x86.ActiveCfg = Release|x86
		{C93EFC0A-9CDD-40EB-A8F5-C26A62585F6A}.Release|x86.Build.0 = Release|x86
		{C93EFC0A-9CDD-40EB-A8F5-C26A62585F6A}.Release|x86.Deploy.0 = Release|x86
		{3971AE13-618D-449F-BA3A-836079A78C10}.Debug|Any CPU.ActiveCfg = Debug|Any CPU
		{3971AE13-618D-449F-BA3A-836079A78C10}.Debug|Any CPU.Build.0 = Debug|Any CPU
		{3971AE13-618D-449F-BA3A-836079A78C10}.Debug|Any CPU.Deploy.0 = Debug|Any CPU
		{3971AE13-618D-449F-BA3A-836079A78C10}.Debug|ARM.ActiveCfg = Debug|Any CPU
		{3971AE13-618D-449F-BA3A-836079A78C10}.Debug|ARM.Build.0 = Debug|Any CPU
		{3971AE13-618D-449F-BA3A-836079A78C10}.Debug|ARM.Deploy.0 = Debug|Any CPU
		{3971AE13-618D-449F-BA3A-836079A78C10}.Debug|iPhone.ActiveCfg = Debug|Any CPU
		{3971AE13-618D-449F-BA3A-836079A78C10}.Debug|iPhone.Build.0 = Debug|Any CPU
		{3971AE13-618D-449F-BA3A-836079A78C10}.Debug|iPhone.Deploy.0 = Debug|Any CPU
		{3971AE13-618D-449F-BA3A-836079A78C10}.Debug|iPhoneSimulator.ActiveCfg = Debug|Any CPU
		{3971AE13-618D-449F-BA3A-836079A78C10}.Debug|iPhoneSimulator.Build.0 = Debug|Any CPU
		{3971AE13-618D-449F-BA3A-836079A78C10}.Debug|iPhoneSimulator.Deploy.0 = Debug|Any CPU
		{3971AE13-618D-449F-BA3A-836079A78C10}.Debug|x64.ActiveCfg = Debug|Any CPU
		{3971AE13-618D-449F-BA3A-836079A78C10}.Debug|x64.Build.0 = Debug|Any CPU
		{3971AE13-618D-449F-BA3A-836079A78C10}.Debug|x64.Deploy.0 = Debug|Any CPU
		{3971AE13-618D-449F-BA3A-836079A78C10}.Debug|x86.ActiveCfg = Debug|Any CPU
		{3971AE13-618D-449F-BA3A-836079A78C10}.Debug|x86.Build.0 = Debug|Any CPU
		{3971AE13-618D-449F-BA3A-836079A78C10}.Debug|x86.Deploy.0 = Debug|Any CPU
		{3971AE13-618D-449F-BA3A-836079A78C10}.Release|Any CPU.ActiveCfg = Release|Any CPU
		{3971AE13-618D-449F-BA3A-836079A78C10}.Release|Any CPU.Build.0 = Release|Any CPU
		{3971AE13-618D-449F-BA3A-836079A78C10}.Release|Any CPU.Deploy.0 = Release|Any CPU
		{3971AE13-618D-449F-BA3A-836079A78C10}.Release|ARM.ActiveCfg = Release|Any CPU
		{3971AE13-618D-449F-BA3A-836079A78C10}.Release|ARM.Build.0 = Release|Any CPU
		{3971AE13-618D-449F-BA3A-836079A78C10}.Release|ARM.Deploy.0 = Release|Any CPU
		{3971AE13-618D-449F-BA3A-836079A78C10}.Release|iPhone.ActiveCfg = Release|Any CPU
		{3971AE13-618D-449F-BA3A-836079A78C10}.Release|iPhone.Build.0 = Release|Any CPU
		{3971AE13-618D-449F-BA3A-836079A78C10}.Release|iPhone.Deploy.0 = Release|Any CPU
		{3971AE13-618D-449F-BA3A-836079A78C10}.Release|iPhoneSimulator.ActiveCfg = Release|Any CPU
		{3971AE13-618D-449F-BA3A-836079A78C10}.Release|iPhoneSimulator.Build.0 = Release|Any CPU
		{3971AE13-618D-449F-BA3A-836079A78C10}.Release|iPhoneSimulator.Deploy.0 = Release|Any CPU
		{3971AE13-618D-449F-BA3A-836079A78C10}.Release|x64.ActiveCfg = Release|Any CPU
		{3971AE13-618D-449F-BA3A-836079A78C10}.Release|x64.Build.0 = Release|Any CPU
		{3971AE13-618D-449F-BA3A-836079A78C10}.Release|x64.Deploy.0 = Release|Any CPU
		{3971AE13-618D-449F-BA3A-836079A78C10}.Release|x86.ActiveCfg = Release|Any CPU
		{3971AE13-618D-449F-BA3A-836079A78C10}.Release|x86.Build.0 = Release|Any CPU
		{3971AE13-618D-449F-BA3A-836079A78C10}.Release|x86.Deploy.0 = Release|Any CPU
		{8E44D12B-D8AF-4D57-8391-96C2AB49C0E2}.Debug|Any CPU.ActiveCfg = Debug|iPhoneSimulator
		{8E44D12B-D8AF-4D57-8391-96C2AB49C0E2}.Debug|ARM.ActiveCfg = Debug|iPhoneSimulator
		{8E44D12B-D8AF-4D57-8391-96C2AB49C0E2}.Debug|iPhone.ActiveCfg = Debug|iPhone
		{8E44D12B-D8AF-4D57-8391-96C2AB49C0E2}.Debug|iPhone.Build.0 = Debug|iPhone
		{8E44D12B-D8AF-4D57-8391-96C2AB49C0E2}.Debug|iPhoneSimulator.ActiveCfg = Debug|iPhoneSimulator
		{8E44D12B-D8AF-4D57-8391-96C2AB49C0E2}.Debug|iPhoneSimulator.Build.0 = Debug|iPhoneSimulator
		{8E44D12B-D8AF-4D57-8391-96C2AB49C0E2}.Debug|x64.ActiveCfg = Debug|iPhoneSimulator
		{8E44D12B-D8AF-4D57-8391-96C2AB49C0E2}.Debug|x86.ActiveCfg = Debug|iPhoneSimulator
		{8E44D12B-D8AF-4D57-8391-96C2AB49C0E2}.Release|Any CPU.ActiveCfg = Release|iPhoneSimulator
		{8E44D12B-D8AF-4D57-8391-96C2AB49C0E2}.Release|ARM.ActiveCfg = Release|iPhoneSimulator
		{8E44D12B-D8AF-4D57-8391-96C2AB49C0E2}.Release|iPhone.ActiveCfg = Release|iPhone
		{8E44D12B-D8AF-4D57-8391-96C2AB49C0E2}.Release|iPhone.Build.0 = Release|iPhone
		{8E44D12B-D8AF-4D57-8391-96C2AB49C0E2}.Release|iPhoneSimulator.ActiveCfg = Release|iPhoneSimulator
		{8E44D12B-D8AF-4D57-8391-96C2AB49C0E2}.Release|iPhoneSimulator.Build.0 = Release|iPhoneSimulator
		{8E44D12B-D8AF-4D57-8391-96C2AB49C0E2}.Release|x64.ActiveCfg = Release|iPhoneSimulator
		{8E44D12B-D8AF-4D57-8391-96C2AB49C0E2}.Release|x86.ActiveCfg = Release|iPhoneSimulator
		{056CABBB-36B8-4954-A1AF-56942531E464}.Debug|Any CPU.ActiveCfg = Debug|Any CPU
		{056CABBB-36B8-4954-A1AF-56942531E464}.Debug|Any CPU.Build.0 = Debug|Any CPU
		{056CABBB-36B8-4954-A1AF-56942531E464}.Debug|ARM.ActiveCfg = Debug|Any CPU
		{056CABBB-36B8-4954-A1AF-56942531E464}.Debug|ARM.Build.0 = Debug|Any CPU
		{056CABBB-36B8-4954-A1AF-56942531E464}.Debug|iPhone.ActiveCfg = Debug|Any CPU
		{056CABBB-36B8-4954-A1AF-56942531E464}.Debug|iPhone.Build.0 = Debug|Any CPU
		{056CABBB-36B8-4954-A1AF-56942531E464}.Debug|iPhoneSimulator.ActiveCfg = Debug|Any CPU
		{056CABBB-36B8-4954-A1AF-56942531E464}.Debug|iPhoneSimulator.Build.0 = Debug|Any CPU
		{056CABBB-36B8-4954-A1AF-56942531E464}.Debug|x64.ActiveCfg = Debug|Any CPU
		{056CABBB-36B8-4954-A1AF-56942531E464}.Debug|x64.Build.0 = Debug|Any CPU
		{056CABBB-36B8-4954-A1AF-56942531E464}.Debug|x86.ActiveCfg = Debug|Any CPU
		{056CABBB-36B8-4954-A1AF-56942531E464}.Debug|x86.Build.0 = Debug|Any CPU
		{056CABBB-36B8-4954-A1AF-56942531E464}.Release|Any CPU.ActiveCfg = Release|Any CPU
		{056CABBB-36B8-4954-A1AF-56942531E464}.Release|Any CPU.Build.0 = Release|Any CPU
		{056CABBB-36B8-4954-A1AF-56942531E464}.Release|ARM.ActiveCfg = Release|Any CPU
		{056CABBB-36B8-4954-A1AF-56942531E464}.Release|ARM.Build.0 = Release|Any CPU
		{056CABBB-36B8-4954-A1AF-56942531E464}.Release|iPhone.ActiveCfg = Release|Any CPU
		{056CABBB-36B8-4954-A1AF-56942531E464}.Release|iPhone.Build.0 = Release|Any CPU
		{056CABBB-36B8-4954-A1AF-56942531E464}.Release|iPhoneSimulator.ActiveCfg = Release|Any CPU
		{056CABBB-36B8-4954-A1AF-56942531E464}.Release|iPhoneSimulator.Build.0 = Release|Any CPU
		{056CABBB-36B8-4954-A1AF-56942531E464}.Release|x64.ActiveCfg = Release|Any CPU
		{056CABBB-36B8-4954-A1AF-56942531E464}.Release|x64.Build.0 = Release|Any CPU
		{056CABBB-36B8-4954-A1AF-56942531E464}.Release|x86.ActiveCfg = Release|Any CPU
		{056CABBB-36B8-4954-A1AF-56942531E464}.Release|x86.Build.0 = Release|Any CPU
	EndGlobalSection
	GlobalSection(SolutionProperties) = preSolution
		HideSolutionNode = FALSE
	EndGlobalSection
	GlobalSection(ExtensibilityGlobals) = postSolution
		SolutionGuid = {6BB71C9B-A3EC-469C-B830-E7BB2937D287}
	EndGlobalSection
EndGlobal
